
Microsoft Visual Studio Solution File, Format Version 12.00
# Visual Studio 15
VisualStudioVersion = 15.0.26730.10
MinimumVisualStudioVersion = 10.0.40219.1
Project("{FAE04EC0-301F-11D3-BF4B-00C04F79EFBC}") = "Calculator_Final", "Calculator_Final\Calculator_Final.csproj", "{B19849B4-3703-41FD-BF8A-7F94DFD84B55}"
EndProject
Global
	GlobalSection(SolutionConfigurationPlatforms) = preSolution
		Debug|Any CPU = Debug|Any CPU
		Release|Any CPU = Release|Any CPU
	EndGlobalSection
	GlobalSection(ProjectConfigurationPlatforms) = postSolution
		{B19849B4-3703-41FD-BF8A-7F94DFD84B55}.Debug|Any CPU.ActiveCfg = Debug|Any CPU
		{B19849B4-3703-41FD-BF8A-7F94DFD84B55}.Debug|Any CPU.Build.0 = Debug|Any CPU
		{B19849B4-3703-41FD-BF8A-7F94DFD84B55}.Release|Any CPU.ActiveCfg = Release|Any CPU
		{B19849B4-3703-41FD-BF8A-7F94DFD84B55}.Release|Any CPU.Build.0 = Release|Any CPU
	EndGlobalSection
	GlobalSection(SolutionProperties) = preSolution
		HideSolutionNode = FALSE
	EndGlobalSection
	GlobalSection(ExtensibilityGlobals) = postSolution
		SolutionGuid = {40812141-6BDA-4EA8-9E07-52F32EA6F76A}
	EndGlobalSection
EndGlobal
